
Microsoft Visual Studio Solution File, Format Version 11.00
# Visual Studio 2010
Project("{FAE04EC0-301F-11D3-BF4B-00C04F79EFBC}") = "Assembly-CSharp", "Assembly-CSharp.csproj", "{7EA41B8B-D3A3-7D95-C075-F305350B4972}"
EndProject
Global
	GlobalSection(SolutionConfigurationPlatforms) = preSolution
		Debug|Any CPU = Debug|Any CPU
		Release|Any CPU = Release|Any CPU
	EndGlobalSection
	GlobalSection(ProjectConfigurationPlatforms) = postSolution
		{7EA41B8B-D3A3-7D95-C075-F305350B4972}.Debug|Any CPU.ActiveCfg = Debug|Any CPU
		{7EA41B8B-D3A3-7D95-C075-F305350B4972}.Debug|Any CPU.Build.0 = Debug|Any CPU
		{7EA41B8B-D3A3-7D95-C075-F305350B4972}.Release|Any CPU.ActiveCfg = Release|Any CPU
		{7EA41B8B-D3A3-7D95-C075-F305350B4972}.Release|Any CPU.Build.0 = Release|Any CPU
	EndGlobalSection
	GlobalSection(SolutionProperties) = preSolution
		HideSolutionNode = FALSE
	EndGlobalSection
EndGlobal
